
Microsoft Visual Studio Solution File, Format Version 12.00
Project("{FAE04EC0-301F-11D3-BF4B-00C04F79EFBC}") = "Beacon", "Beacon\Beacon.csproj", "{EADC01D4-D9AE-4AA0-9156-CD8AA44CF320}"
EndProject
Project("{2150E333-8FDC-42A3-9474-1A3956D46DE8}") = "Solution Items", "Solution Items", "{7A2FFDA5-0762-4D94-B2D8-26E319AB48D1}"
	ProjectSection(SolutionItems) = preProject
		compose.yaml = compose.yaml
		README.md = README.md
	EndProjectSection
EndProject
Project("{FAE04EC0-301F-11D3-BF4B-00C04F79EFBC}") = "Beacon.Tests", "Beacon.Tests\Beacon.Tests.csproj", "{23A29FD0-7A12-4AA2-A6B4-2AD2D512D1A6}"
EndProject
Project("{FAE04EC0-301F-11D3-BF4B-00C04F79EFBC}") = "Beacon.Api", "Beacon.Api\Beacon.Api.csproj", "{229F65C8-1B59-4AB3-9B1F-E91C697B3D9F}"
EndProject
Project("{FAE04EC0-301F-11D3-BF4B-00C04F79EFBC}") = "Beacon.DemoPlugin", "Beacon.DemoPlugin\Beacon.DemoPlugin.csproj", "{124722C9-6DEC-47B8-871B-36ECA03AABD4}"
EndProject
Global
	GlobalSection(SolutionConfigurationPlatforms) = preSolution
		Debug|Any CPU = Debug|Any CPU
		Release|Any CPU = Release|Any CPU
	EndGlobalSection
	GlobalSection(ProjectConfigurationPlatforms) = postSolution
		{EADC01D4-D9AE-4AA0-9156-CD8AA44CF320}.Debug|Any CPU.ActiveCfg = Debug|Any CPU
		{EADC01D4-D9AE-4AA0-9156-CD8AA44CF320}.Debug|Any CPU.Build.0 = Debug|Any CPU
		{EADC01D4-D9AE-4AA0-9156-CD8AA44CF320}.Release|Any CPU.ActiveCfg = Release|Any CPU
		{EADC01D4-D9AE-4AA0-9156-CD8AA44CF320}.Release|Any CPU.Build.0 = Release|Any CPU
		{23A29FD0-7A12-4AA2-A6B4-2AD2D512D1A6}.Debug|Any CPU.ActiveCfg = Debug|Any CPU
		{23A29FD0-7A12-4AA2-A6B4-2AD2D512D1A6}.Debug|Any CPU.Build.0 = Debug|Any CPU
		{23A29FD0-7A12-4AA2-A6B4-2AD2D512D1A6}.Release|Any CPU.ActiveCfg = Release|Any CPU
		{23A29FD0-7A12-4AA2-A6B4-2AD2D512D1A6}.Release|Any CPU.Build.0 = Release|Any CPU
		{229F65C8-1B59-4AB3-9B1F-E91C697B3D9F}.Debug|Any CPU.ActiveCfg = Debug|Any CPU
		{229F65C8-1B59-4AB3-9B1F-E91C697B3D9F}.Debug|Any CPU.Build.0 = Debug|Any CPU
		{229F65C8-1B59-4AB3-9B1F-E91C697B3D9F}.Release|Any CPU.ActiveCfg = Release|Any CPU
		{229F65C8-1B59-4AB3-9B1F-E91C697B3D9F}.Release|Any CPU.Build.0 = Release|Any CPU
		{124722C9-6DEC-47B8-871B-36ECA03AABD4}.Debug|Any CPU.ActiveCfg = Debug|Any CPU
		{124722C9-6DEC-47B8-871B-36ECA03AABD4}.Debug|Any CPU.Build.0 = Debug|Any CPU
		{124722C9-6DEC-47B8-871B-36ECA03AABD4}.Release|Any CPU.ActiveCfg = Release|Any CPU
		{124722C9-6DEC-47B8-871B-36ECA03AABD4}.Release|Any CPU.Build.0 = Release|Any CPU
	EndGlobalSection
EndGlobal
