
Microsoft Visual Studio Solution File, Format Version 12.00
# Visual Studio Version 17
VisualStudioVersion = 17.0.31903.59
MinimumVisualStudioVersion = 10.0.40219.1
Project("{9A19103F-16F7-4668-BE54-9A1E7A4F7556}") = "Beacon.Server", "Beacon.Server\Beacon.Server.csproj", "{A607043D-9C5D-4818-AB7A-B05247E46545}"
EndProject
Project("{9A19103F-16F7-4668-BE54-9A1E7A4F7556}") = "Beacon.DemoPlugin", "Beacon.DemoPlugin\Beacon.DemoPlugin.csproj", "{A34B3EF2-455D-4630-841B-6F6B24551C7C}"
EndProject
Project("{2150E333-8FDC-42A3-9474-1A3956D46DE8}") = "Solution Items", "Solution Items", "{AA75B766-536A-4F54-B5EB-584E3C572C18}"
	ProjectSection(SolutionItems) = preProject
		.editorconfig = .editorconfig
	EndProjectSection
EndProject
Project("{9A19103F-16F7-4668-BE54-9A1E7A4F7556}") = "Beacon.API", "..\beacon-mc-api\Beacon.API\Beacon.API.csproj", "{1C5BC4A3-5081-4502-93F4-8961E89F7601}"
EndProject
Project("{2150E333-8FDC-42A3-9474-1A3956D46DE8}") = "DemoPlugins", "DemoPlugins", "{67D8062C-5349-4181-AF90-B38B9CBB92BF}"
EndProject
Project("{9A19103F-16F7-4668-BE54-9A1E7A4F7556}") = "Beacon.ConsoleApp", "Beacon.ConsoleApp\Beacon.ConsoleApp.csproj", "{F94850C7-8EB2-4DFF-9538-4249291C8D3B}"
EndProject
Global
	GlobalSection(SolutionConfigurationPlatforms) = preSolution
		Debug|Any CPU = Debug|Any CPU
		Release|Any CPU = Release|Any CPU
	EndGlobalSection
	GlobalSection(ProjectConfigurationPlatforms) = postSolution
		{A607043D-9C5D-4818-AB7A-B05247E46545}.Debug|Any CPU.ActiveCfg = Debug|Any CPU
		{A607043D-9C5D-4818-AB7A-B05247E46545}.Debug|Any CPU.Build.0 = Debug|Any CPU
		{A607043D-9C5D-4818-AB7A-B05247E46545}.Release|Any CPU.ActiveCfg = Release|Any CPU
		{A607043D-9C5D-4818-AB7A-B05247E46545}.Release|Any CPU.Build.0 = Release|Any CPU
		{A34B3EF2-455D-4630-841B-6F6B24551C7C}.Debug|Any CPU.ActiveCfg = Debug|Any CPU
		{A34B3EF2-455D-4630-841B-6F6B24551C7C}.Debug|Any CPU.Build.0 = Debug|Any CPU
		{A34B3EF2-455D-4630-841B-6F6B24551C7C}.Release|Any CPU.ActiveCfg = Release|Any CPU
		{A34B3EF2-455D-4630-841B-6F6B24551C7C}.Release|Any CPU.Build.0 = Release|Any CPU
		{1C5BC4A3-5081-4502-93F4-8961E89F7601}.Debug|Any CPU.ActiveCfg = Debug|Any CPU
		{1C5BC4A3-5081-4502-93F4-8961E89F7601}.Debug|Any CPU.Build.0 = Debug|Any CPU
		{1C5BC4A3-5081-4502-93F4-8961E89F7601}.Release|Any CPU.ActiveCfg = Release|Any CPU
		{1C5BC4A3-5081-4502-93F4-8961E89F7601}.Release|Any CPU.Build.0 = Release|Any CPU
		{F94850C7-8EB2-4DFF-9538-4249291C8D3B}.Debug|Any CPU.ActiveCfg = Debug|Any CPU
		{F94850C7-8EB2-4DFF-9538-4249291C8D3B}.Debug|Any CPU.Build.0 = Debug|Any CPU
		{F94850C7-8EB2-4DFF-9538-4249291C8D3B}.Release|Any CPU.ActiveCfg = Release|Any CPU
		{F94850C7-8EB2-4DFF-9538-4249291C8D3B}.Release|Any CPU.Build.0 = Release|Any CPU
	EndGlobalSection
	GlobalSection(SolutionProperties) = preSolution
		HideSolutionNode = FALSE
	EndGlobalSection
	GlobalSection(NestedProjects) = preSolution
		{A34B3EF2-455D-4630-841B-6F6B24551C7C} = {67D8062C-5349-4181-AF90-B38B9CBB92BF}
	EndGlobalSection
	GlobalSection(ExtensibilityGlobals) = postSolution
		SolutionGuid = {F169B753-FA15-45C8-B4E8-F1488E97F8ED}
	EndGlobalSection
EndGlobal
